
Microsoft Visual Studio Solution File, Format Version 12.00
# Visual Studio Version 17
VisualStudioVersion = 17.8.34330.188
MinimumVisualStudioVersion = 10.0.40219.1
Project("{FAE04EC0-301F-11D3-BF4B-00C04F79EFBC}") = "ChatroomService", "ChatroomService.csproj", "{412E9A6D-9EE1-4BFA-A3D5-D3E894589A63}"
EndProject
Global
	GlobalSection(SolutionConfigurationPlatforms) = preSolution
		Debug|Any CPU = Debug|Any CPU
		Release|Any CPU = Release|Any CPU
	EndGlobalSection
	GlobalSection(ProjectConfigurationPlatforms) = postSolution
		{412E9A6D-9EE1-4BFA-A3D5-D3E894589A63}.Debug|Any CPU.ActiveCfg = Debug|Any CPU
		{412E9A6D-9EE1-4BFA-A3D5-D3E894589A63}.Debug|Any CPU.Build.0 = Debug|Any CPU
		{412E9A6D-9EE1-4BFA-A3D5-D3E894589A63}.Release|Any CPU.ActiveCfg = Release|Any CPU
		{412E9A6D-9EE1-4BFA-A3D5-D3E894589A63}.Release|Any CPU.Build.0 = Release|Any CPU
	EndGlobalSection
	GlobalSection(SolutionProperties) = preSolution
		HideSolutionNode = FALSE
	EndGlobalSection
	GlobalSection(ExtensibilityGlobals) = postSolution
		SolutionGuid = {E97A9540-F1F7-4590-BA1D-AEBFC37BB6D6}
	EndGlobalSection
EndGlobal
